
Microsoft Visual Studio Solution File, Format Version 12.00
# Visual Studio Version 17
VisualStudioVersion = 17.11.35208.52
MinimumVisualStudioVersion = 10.0.40219.1
Project("{9A19103F-16F7-4668-BE54-9A1E7A4F7556}") = "LeetCode", "LeetCode\LeetCode.csproj", "{F2BD07AA-F6FD-4D48-A815-4AADA33DC5C3}"
EndProject
Global
	GlobalSection(SolutionConfigurationPlatforms) = preSolution
		Debug|Any CPU = Debug|Any CPU
		Release|Any CPU = Release|Any CPU
	EndGlobalSection
	GlobalSection(ProjectConfigurationPlatforms) = postSolution
		{F2BD07AA-F6FD-4D48-A815-4AADA33DC5C3}.Debug|Any CPU.ActiveCfg = Debug|Any CPU
		{F2BD07AA-F6FD-4D48-A815-4AADA33DC5C3}.Debug|Any CPU.Build.0 = Debug|Any CPU
		{F2BD07AA-F6FD-4D48-A815-4AADA33DC5C3}.Release|Any CPU.ActiveCfg = Release|Any CPU
		{F2BD07AA-F6FD-4D48-A815-4AADA33DC5C3}.Release|Any CPU.Build.0 = Release|Any CPU
	EndGlobalSection
	GlobalSection(SolutionProperties) = preSolution
		HideSolutionNode = FALSE
	EndGlobalSection
	GlobalSection(ExtensibilityGlobals) = postSolution
		SolutionGuid = {F6A8ABFC-42A5-4A3D-B6D3-26C56C692874}
	EndGlobalSection
EndGlobal
